
Microsoft Visual Studio Solution File, Format Version 12.00
# Visual Studio Version 17
VisualStudioVersion = 17.11.35222.181
MinimumVisualStudioVersion = 10.0.40219.1
Project("{FAE04EC0-301F-11D3-BF4B-00C04F79EFBC}") = "P1", "P1\P1.csproj", "{EBDEB6A6-7FE6-47C1-B81E-2E5042A117F5}"
EndProject
Global
	GlobalSection(SolutionConfigurationPlatforms) = preSolution
		Debug|Any CPU = Debug|Any CPU
		Release|Any CPU = Release|Any CPU
	EndGlobalSection
	GlobalSection(ProjectConfigurationPlatforms) = postSolution
		{EBDEB6A6-7FE6-47C1-B81E-2E5042A117F5}.Debug|Any CPU.ActiveCfg = Debug|Any CPU
		{EBDEB6A6-7FE6-47C1-B81E-2E5042A117F5}.Debug|Any CPU.Build.0 = Debug|Any CPU
		{EBDEB6A6-7FE6-47C1-B81E-2E5042A117F5}.Release|Any CPU.ActiveCfg = Release|Any CPU
		{EBDEB6A6-7FE6-47C1-B81E-2E5042A117F5}.Release|Any CPU.Build.0 = Release|Any CPU
	EndGlobalSection
	GlobalSection(SolutionProperties) = preSolution
		HideSolutionNode = FALSE
	EndGlobalSection
	GlobalSection(ExtensibilityGlobals) = postSolution
		SolutionGuid = {26F259CF-BA9F-4E38-B354-C3C868884C7D}
	EndGlobalSection
EndGlobal
